
Microsoft Visual Studio Solution File, Format Version 12.00
# Visual Studio Version 16
VisualStudioVersion = 16.0.31205.134
MinimumVisualStudioVersion = 10.0.40219.1
Project("{FAE04EC0-301F-11D3-BF4B-00C04F79EFBC}") = "SeleniumAutomatedUI_Tests_WebAppShortURL", "SeleniumAutomatedUI_Tests_WebAppShortURL.csproj", "{610BFB8C-9A01-4B0D-AD44-79487717C629}"
EndProject
Global
	GlobalSection(SolutionConfigurationPlatforms) = preSolution
		Debug|Any CPU = Debug|Any CPU
		Release|Any CPU = Release|Any CPU
	EndGlobalSection
	GlobalSection(ProjectConfigurationPlatforms) = postSolution
		{610BFB8C-9A01-4B0D-AD44-79487717C629}.Debug|Any CPU.ActiveCfg = Debug|Any CPU
		{610BFB8C-9A01-4B0D-AD44-79487717C629}.Debug|Any CPU.Build.0 = Debug|Any CPU
		{610BFB8C-9A01-4B0D-AD44-79487717C629}.Release|Any CPU.ActiveCfg = Release|Any CPU
		{610BFB8C-9A01-4B0D-AD44-79487717C629}.Release|Any CPU.Build.0 = Release|Any CPU
	EndGlobalSection
	GlobalSection(SolutionProperties) = preSolution
		HideSolutionNode = FALSE
	EndGlobalSection
	GlobalSection(ExtensibilityGlobals) = postSolution
		SolutionGuid = {D5E0A202-3468-47E2-BEA9-0D799F0BE5AF}
	EndGlobalSection
EndGlobal
